
Microsoft Visual Studio Solution File, Format Version 12.00
# Visual Studio Version 16
VisualStudioVersion = 16.0.30114.105
MinimumVisualStudioVersion = 10.0.40219.1
Project("{FAE04EC0-301F-11D3-BF4B-00C04F79EFBC}") = "GeekShopping.Web", "GeekShopping.Web\GeekShopping.Web.csproj", "{B3DECCAD-C6E8-460A-870C-C284ABE6EFC7}"
EndProject
Project("{FAE04EC0-301F-11D3-BF4B-00C04F79EFBC}") = "GeekShopping.ProductAPI", "GeekShopping.ProductAPI\GeekShopping.ProductAPI.csproj", "{7A2BCFDD-B321-4CE6-9734-EE9B56FCFD38}"
EndProject
Project("{FAE04EC0-301F-11D3-BF4B-00C04F79EFBC}") = "GeekShopping.IdetityServer", "GeekShopping.IdetityServer\GeekShopping.IdetityServer.csproj", "{166E8D2A-4450-4A30-B7B4-92DA5630B6FF}"
EndProject
Global
	GlobalSection(SolutionConfigurationPlatforms) = preSolution
		Debug|Any CPU = Debug|Any CPU
		Release|Any CPU = Release|Any CPU
	EndGlobalSection
	GlobalSection(SolutionProperties) = preSolution
		HideSolutionNode = FALSE
	EndGlobalSection
	GlobalSection(ProjectConfigurationPlatforms) = postSolution
		{B3DECCAD-C6E8-460A-870C-C284ABE6EFC7}.Debug|Any CPU.ActiveCfg = Debug|Any CPU
		{B3DECCAD-C6E8-460A-870C-C284ABE6EFC7}.Debug|Any CPU.Build.0 = Debug|Any CPU
		{B3DECCAD-C6E8-460A-870C-C284ABE6EFC7}.Release|Any CPU.ActiveCfg = Release|Any CPU
		{B3DECCAD-C6E8-460A-870C-C284ABE6EFC7}.Release|Any CPU.Build.0 = Release|Any CPU
		{7A2BCFDD-B321-4CE6-9734-EE9B56FCFD38}.Debug|Any CPU.ActiveCfg = Debug|Any CPU
		{7A2BCFDD-B321-4CE6-9734-EE9B56FCFD38}.Debug|Any CPU.Build.0 = Debug|Any CPU
		{7A2BCFDD-B321-4CE6-9734-EE9B56FCFD38}.Release|Any CPU.ActiveCfg = Release|Any CPU
		{7A2BCFDD-B321-4CE6-9734-EE9B56FCFD38}.Release|Any CPU.Build.0 = Release|Any CPU
		{166E8D2A-4450-4A30-B7B4-92DA5630B6FF}.Debug|Any CPU.ActiveCfg = Debug|Any CPU
		{166E8D2A-4450-4A30-B7B4-92DA5630B6FF}.Debug|Any CPU.Build.0 = Debug|Any CPU
		{166E8D2A-4450-4A30-B7B4-92DA5630B6FF}.Release|Any CPU.ActiveCfg = Release|Any CPU
		{166E8D2A-4450-4A30-B7B4-92DA5630B6FF}.Release|Any CPU.Build.0 = Release|Any CPU
	EndGlobalSection
EndGlobal
